[[package]]
category = "main"
description = "Amazon Web Services Library"
name = "boto"
optional = false
python-versions = "*"
version = "2.49.0"

[[package]]
category = "main"
description = "PostgreSQL interface library"
name = "pg8000"
optional = false
python-versions = ">=3.5"
version = "1.13.2"

[package.dependencies]
scramp = "1.1.0"

[[package]]
category = "main"
description = "An implementation of the SCRAM protocol."
name = "scramp"
optional = false
python-versions = ">=3.5"
version = "1.1.0"

[metadata]
content-hash = "b8934ed5e3fad81ba04d54cd8b29f17f642dcf7d7ef914eae0d1212c6e679b7f"
python-versions = "^3.7"

[metadata.hashes]
boto = ["147758d41ae7240dc989f0039f27da8ca0d53734be0eb869ef16e3adcfa462e8", "ea0d3b40a2d852767be77ca343b58a9e3a4b00d9db440efb8da74b4e58025e5a"]
pg8000 = ["e4c2b173178ba41bba19366b9cdeced91fecec2caf31c7ece719138633213cca", "eebcb4176a7e407987e525a07454882f611985e0becb2b73f76efb93bbdc0aab"]
scramp = ["475aa6296deb2737b86e9df9098e8eca0f30c8ad1cc0a8adadb99ef012a5ceba", "e09d2a9be5adeb94cbeb56fc54a61fc5f5b6e140e679b2b60d1f7a8d6478d906"]
